
Microsoft Visual Studio Solution File, Format Version 12.00
# Visual Studio Version 16
VisualStudioVersion = 16.0.31624.102
MinimumVisualStudioVersion = 10.0.40219.1
Project("{FAE04EC0-301F-11D3-BF4B-00C04F79EFBC}") = "00_Intro", "00_Intro\00_Intro.csproj", "{B9676CB4-BFE3-48EE-8C24-DB65A922BF92}"
EndProject
Project("{FAE04EC0-301F-11D3-BF4B-00C04F79EFBC}") = "01_ValueTypes", "01_ValueTypes\01_ValueTypes.csproj", "{83F16EA5-D108-45A4-9C79-6009A116B1BD}"
EndProject
Project("{FAE04EC0-301F-11D3-BF4B-00C04F79EFBC}") = "02_ReferenceTypes", "02_ReferenceTypes\02_ReferenceTypes.csproj", "{DB16D6F4-3ED9-4258-B131-C46D954605D6}"
EndProject
Project("{FAE04EC0-301F-11D3-BF4B-00C04F79EFBC}") = "03_Operators", "03_Operators\03_Operators.csproj", "{BCABCC9E-4988-44A0-BCCE-8096150E8AA3}"
EndProject
Project("{FAE04EC0-301F-11D3-BF4B-00C04F79EFBC}") = "04_IfElseStatements", "04_IfElseStatements\04_IfElseStatements.csproj", "{748BAEC4-52EC-4962-BE0C-AE347D7623B3}"
EndProject
Project("{FAE04EC0-301F-11D3-BF4B-00C04F79EFBC}") = "04_Teranaries", "04_Teranaries\04_Teranaries.csproj", "{9F9C3B37-DBA5-4011-B378-006BD9BC16DA}"
EndProject
Project("{FAE04EC0-301F-11D3-BF4B-00C04F79EFBC}") = "04_SwitchCases", "04_SwitchCases\04_SwitchCases.csproj", "{EF8BA63A-1CD2-42D0-BA22-A810E1573672}"
EndProject
Global
	GlobalSection(SolutionConfigurationPlatforms) = preSolution
		Debug|Any CPU = Debug|Any CPU
		Release|Any CPU = Release|Any CPU
	EndGlobalSection
	GlobalSection(ProjectConfigurationPlatforms) = postSolution
		{B9676CB4-BFE3-48EE-8C24-DB65A922BF92}.Debug|Any CPU.ActiveCfg = Debug|Any CPU
		{B9676CB4-BFE3-48EE-8C24-DB65A922BF92}.Debug|Any CPU.Build.0 = Debug|Any CPU
		{B9676CB4-BFE3-48EE-8C24-DB65A922BF92}.Release|Any CPU.ActiveCfg = Release|Any CPU
		{B9676CB4-BFE3-48EE-8C24-DB65A922BF92}.Release|Any CPU.Build.0 = Release|Any CPU
		{83F16EA5-D108-45A4-9C79-6009A116B1BD}.Debug|Any CPU.ActiveCfg = Debug|Any CPU
		{83F16EA5-D108-45A4-9C79-6009A116B1BD}.Debug|Any CPU.Build.0 = Debug|Any CPU
		{83F16EA5-D108-45A4-9C79-6009A116B1BD}.Release|Any CPU.ActiveCfg = Release|Any CPU
		{83F16EA5-D108-45A4-9C79-6009A116B1BD}.Release|Any CPU.Build.0 = Release|Any CPU
		{DB16D6F4-3ED9-4258-B131-C46D954605D6}.Debug|Any CPU.ActiveCfg = Debug|Any CPU
		{DB16D6F4-3ED9-4258-B131-C46D954605D6}.Debug|Any CPU.Build.0 = Debug|Any CPU
		{DB16D6F4-3ED9-4258-B131-C46D954605D6}.Release|Any CPU.ActiveCfg = Release|Any CPU
		{DB16D6F4-3ED9-4258-B131-C46D954605D6}.Release|Any CPU.Build.0 = Release|Any CPU
		{BCABCC9E-4988-44A0-BCCE-8096150E8AA3}.Debug|Any CPU.ActiveCfg = Debug|Any CPU
		{BCABCC9E-4988-44A0-BCCE-8096150E8AA3}.Debug|Any CPU.Build.0 = Debug|Any CPU
		{BCABCC9E-4988-44A0-BCCE-8096150E8AA3}.Release|Any CPU.ActiveCfg = Release|Any CPU
		{BCABCC9E-4988-44A0-BCCE-8096150E8AA3}.Release|Any CPU.Build.0 = Release|Any CPU
		{748BAEC4-52EC-4962-BE0C-AE347D7623B3}.Debug|Any CPU.ActiveCfg = Debug|Any CPU
		{748BAEC4-52EC-4962-BE0C-AE347D7623B3}.Debug|Any CPU.Build.0 = Debug|Any CPU
		{748BAEC4-52EC-4962-BE0C-AE347D7623B3}.Release|Any CPU.ActiveCfg = Release|Any CPU
		{748BAEC4-52EC-4962-BE0C-AE347D7623B3}.Release|Any CPU.Build.0 = Release|Any CPU
		{9F9C3B37-DBA5-4011-B378-006BD9BC16DA}.Debug|Any CPU.ActiveCfg = Debug|Any CPU
		{9F9C3B37-DBA5-4011-B378-006BD9BC16DA}.Debug|Any CPU.Build.0 = Debug|Any CPU
		{9F9C3B37-DBA5-4011-B378-006BD9BC16DA}.Release|Any CPU.ActiveCfg = Release|Any CPU
		{9F9C3B37-DBA5-4011-B378-006BD9BC16DA}.Release|Any CPU.Build.0 = Release|Any CPU
		{EF8BA63A-1CD2-42D0-BA22-A810E1573672}.Debug|Any CPU.ActiveCfg = Debug|Any CPU
		{EF8BA63A-1CD2-42D0-BA22-A810E1573672}.Debug|Any CPU.Build.0 = Debug|Any CPU
		{EF8BA63A-1CD2-42D0-BA22-A810E1573672}.Release|Any CPU.ActiveCfg = Release|Any CPU
		{EF8BA63A-1CD2-42D0-BA22-A810E1573672}.Release|Any CPU.Build.0 = Release|Any CPU
	EndGlobalSection
	GlobalSection(SolutionProperties) = preSolution
		HideSolutionNode = FALSE
	EndGlobalSection
	GlobalSection(ExtensibilityGlobals) = postSolution
		SolutionGuid = {2D072502-0558-46AE-B041-601A41DA28F5}
	EndGlobalSection
EndGlobal
